
Microsoft Visual Studio Solution File, Format Version 12.00
# Visual Studio Version 17
VisualStudioVersion = 17.5.002.0
MinimumVisualStudioVersion = 10.0.40219.1
Project("{9A19103F-16F7-4668-BE54-9A1E7A4F7556}") = "Fasting.API", "Fasting.API\Fasting.API.csproj", "{3B5B756C-39CF-4876-8EEF-026DD202E4EB}"
EndProject
Project("{FAE04EC0-301F-11D3-BF4B-00C04F79EFBC}") = "Fasting.Api.Test", "Fasting.Api.Test\Fasting.Api.Test.csproj", "{3ECE8A15-FCCD-43E3-A4D1-845A5CFF3859}"
EndProject
Global
	GlobalSection(SolutionConfigurationPlatforms) = preSolution
		Debug|Any CPU = Debug|Any CPU
		Release|Any CPU = Release|Any CPU
	EndGlobalSection
	GlobalSection(ProjectConfigurationPlatforms) = postSolution
		{3B5B756C-39CF-4876-8EEF-026DD202E4EB}.Debug|Any CPU.ActiveCfg = Debug|Any CPU
		{3B5B756C-39CF-4876-8EEF-026DD202E4EB}.Debug|Any CPU.Build.0 = Debug|Any CPU
		{3B5B756C-39CF-4876-8EEF-026DD202E4EB}.Release|Any CPU.ActiveCfg = Release|Any CPU
		{3B5B756C-39CF-4876-8EEF-026DD202E4EB}.Release|Any CPU.Build.0 = Release|Any CPU
		{3ECE8A15-FCCD-43E3-A4D1-845A5CFF3859}.Debug|Any CPU.ActiveCfg = Debug|Any CPU
		{3ECE8A15-FCCD-43E3-A4D1-845A5CFF3859}.Debug|Any CPU.Build.0 = Debug|Any CPU
		{3ECE8A15-FCCD-43E3-A4D1-845A5CFF3859}.Release|Any CPU.ActiveCfg = Release|Any CPU
		{3ECE8A15-FCCD-43E3-A4D1-845A5CFF3859}.Release|Any CPU.Build.0 = Release|Any CPU
	EndGlobalSection
	GlobalSection(SolutionProperties) = preSolution
		HideSolutionNode = FALSE
	EndGlobalSection
	GlobalSection(ExtensibilityGlobals) = postSolution
		SolutionGuid = {70659B10-E014-44FF-BABA-4CF741E36F51}
	EndGlobalSection
EndGlobal
